// !$*UTF8*$!
{
	archiveVersion = 1;
	classes = {
	};
	objectVersion = 46;
	objects = {

/* Begin PBXBuildFile section */
		0799719E1C8CDC1F00B843AA /* AppDelegate.swift in Sources */ = {isa = PBXBuildFile; fileRef = 0799719D1C8CDC1F00B843AA /* AppDelegate.swift */; };
		079971A01C8CDC1F00B843AA /* ViewController.swift in Sources */ = {isa = PBXBuildFile; fileRef = 0799719F1C8CDC1F00B843AA /* ViewController.swift */; };
		079971A31C8CDC1F00B843AA /* Main.storyboard in Resources */ = {isa = PBXBuildFile; fileRef = 079971A11C8CDC1F00B843AA /* Main.storyboard */; };
		079971A51C8CDC1F00B843AA /* Assets.xcassets in Resources */ = {isa = PBXBuildFile; fileRef = 079971A41C8CDC1F00B843AA /* Assets.xcassets */; };
		079971A81C8CDC1F00B843AA /* LaunchScreen.storyboard in Resources */ = {isa = PBXBuildFile; fileRef = 079971A61C8CDC1F00B843AA /* LaunchScreen.storyboard */; };
/* End PBXBuildFile section */

/* Begin PBXFileReference section */
		0799719A1C8CDC1F00B843AA /* myInstagram.app */ = {isa = PBXFileReference; explicitFileType = wrapper.application; includeInIndex = 0; path = myInstagram.app; sourceTree = BUILT_PRODUCTS_DIR; };
		0799719D1C8CDC1F00B843AA /* AppDelegate.swift */ = {isa = PBXFileReference; lastKnownFileType = sourcecode.swift; path = AppDelegate.swift; sourceTree = "<group>"; };
		0799719F1C8CDC1F00B843AA /* ViewController.swift */ = {isa = PBXFileReference; lastKnownFileType = sourcecode.swift; path = ViewController.swift; sourceTree = "<group>"; };
		079971A21C8CDC1F00B843AA /* Base */ = {isa = PBXFileReference; lastKnownFileType = file.storyboard; name = Base; path = Base.lproj/Main.storyboard; sourceTree = "<group>"; };
		079971A41C8CDC1F00B843AA /* Assets.xcassets */ = {isa = PBXFileReference; lastKnownFileType = folder.assetcatalog; path = Assets.xcassets; sourceTree = "<group>"; };
		079971A71C8CDC1F00B843AA /* Base */ = {isa = PBXFileReference; lastKnownFileType = file.storyboard; name = Base; path = Base.lproj/LaunchScreen.storyboard; sourceTree = "<group>"; };
		079971A91C8CDC1F00B843AA /* Info.plist */ = {isa = PBXFileReference; lastKnownFileType = text.plist.xml; path = Info.plist; sourceTree = "<group>"; };
/* End PBXFileReference section */

/* Begin PBXFrameworksBuildPhase section */
		079971971C8CDC1F00B843AA /* Frameworks */ = {
			isa = PBXFrameworksBuildPhase;
			buildActionMask = 2147483647;
			files = (
			);
			runOnlyForDeploymentPostprocessing = 0;
		};
/* End PBXFrameworksBuildPhase section */

/* Begin PBXGroup section */
		079971911C8CDC1F00B843AA = {
			isa = PBXGroup;
			children = (
				0799719C1C8CDC1F00B843AA /* myInstagram */,
				0799719B1C8CDC1F00B843AA /* Products */,
			);
			sourceTree = "<group>";
		};
		0799719B1C8CDC1F00B843AA /* Products */ = {
			isa = PBXGroup;
			children = (
				0799719A1C8CDC1F00B843AA /* myInstagram.app */,
			);
			name = Products;
			sourceTree = "<group>";
		};
		0799719C1C8CDC1F00B843AA /* myInstagram */ = {
			isa = PBXGroup;
			children = (
				0799719D1C8CDC1F00B843AA /* AppDelegate.swift */,
				0799719F1C8CDC1F00B843AA /* ViewController.swift */,
				079971A11C8CDC1F00B843AA /* Main.storyboard */,
				079971A41C8CDC1F00B843AA /* Assets.xcassets */,
				079971A61C8CDC1F00B843AA /* LaunchScreen.storyboard */,
				079971A91C8CDC1F00B843AA /* Info.plist */,
			);
			path = myInstagram;
			sourceTree = "<group>";
		};
/* End PBXGroup section */

/* Begin PBXNativeTarget section */
		079971991C8CDC1F00B843AA /* myInstagram */ = {
			isa = PBXNativeTarget;
			buildConfigurationList = 079971AC1C8CDC1F00B843AA /* Build configuration list for PBXNativeTarget "myInstagram" */;
			buildPhases = (
				079971961C8CDC1F00B843AA /* Sources */,
				079971971C8CDC1F00B843AA /* Frameworks */,
				079971981C8CDC1F00B843AA /* Resources */,
			);
			buildRules = (
			);
			dependencies = (
			);
			name = myInstagram;
			productName = myInstagram;
			productReference = 0799719A1C8CDC1F00B843AA /* myInstagram.app */;
			productType = "com.apple.product-type.application";
		};
/* End PBXNativeTarget section */

/* Begin PBXProject section */
		079971921C8CDC1F00B843AA /* Project object */ = {
			isa = PBXProject;
			attributes = {
				LastSwiftUpdateCheck = 0710;
				LastUpgradeCheck = 0710;
				ORGANIZATIONNAME = "Erica Lee";
				TargetAttributes = {
					079971991C8CDC1F00B843AA = {
						CreatedOnToolsVersion = 7.1.1;
					};
				};
			};
			buildConfigurationList = 079971951C8CDC1F00B843AA /* Build configuration list for PBXProject "myInstagram" */;
			compatibilityVersion = "Xcode 3.2";
			developmentRegion = English;
			hasScannedForEncodings = 0;
			knownRegions = (
				en,
				Base,
			);
			mainGroup = 079971911C8CDC1F00B843AA;
			productRefGroup = 0799719B1C8CDC1F00B843AA /* Products */;
			projectDirPath = "";
			projectRoot = "";
			targets = (
				079971991C8CDC1F00B843AA /* myInstagram */,
			);
		};
/* End PBXProject section */

/* Begin PBXResourcesBuildPhase section */
		079971981C8CDC1F00B843AA /* Resources */ = {
			isa = PBXResourcesBuildPhase;
			buildActionMask = 2147483647;
			files = (
				079971A81C8CDC1F00B843AA /* LaunchScreen.storyboard in Resources */,
				079971A51C8CDC1F00B843AA /* Assets.xcassets in Resources */,
				079971A31C8CDC1F00B843AA /* Main.storyboard in Resources */,
			);
			runOnlyForDeploymentPostprocessing = 0;
		};
/* End PBXResourcesBuildPhase section */

/* Begin PBXSourcesBuildPhase section */
		079971961C8CDC1F00B843AA /* Sources */ = {
			isa = PBXSourcesBuildPhase;
			buildActionMask = 2147483647;
			files = (
				079971A01C8CDC1F00B843AA /* ViewController.swift in Sources */,
				0799719E1C8CDC1F00B843AA /* AppDelegate.swift in Sources */,
			);
			runOnlyForDeploymentPostprocessing = 0;
		};
/* End PBXSourcesBuildPhase section */

/* Begin PBXVariantGroup section */
		079971A11C8CDC1F00B843AA /* Main.storyboard */ = {
			isa = PBXVariantGroup;
			children = (
				079971A21C8CDC1F00B843AA /* Base */,
			);
			name = Main.storyboard;
			sourceTree = "<group>";
		};
		079971A61C8CDC1F00B843AA /* LaunchScreen.storyboard */ = {
			isa = PBXVariantGroup;
			children = (
				079971A71C8CDC1F00B843AA /* Base */,
			);
			name = LaunchScreen.storyboard;
			sourceTree = "<group>";
		};
/* End PBXVariantGroup section */

/* Begin XCBuildConfiguration section */
		079971AA1C8CDC1F00B843AA /* Debug */ = {
			isa = XCBuildConfiguration;
			buildSettings = {
				ALWAYS_SEARCH_USER_PATHS = NO;
				CLANG_CXX_LANGUAGE_STANDARD = "gnu++0x";
				CLANG_CXX_LIBRARY = "libc++";
				CLANG_ENABLE_MODULES = YES;
				CLANG_ENABLE_OBJC_ARC = YES;
				CLANG_WARN_BOOL_CONVERSION = YES;
				CLANG_WARN_CONSTANT_CONVERSION = YES;
				CLANG_WARN_DIRECT_OBJC_ISA_USAGE = YES_ERROR;
				CLANG_WARN_EMPTY_BODY = YES;
				CLANG_WARN_ENUM_CONVERSION = YES;
				CLANG_WARN_INT_CONVERSION = YES;
				CLANG_WARN_OBJC_ROOT_CLASS = YES_ERROR;
				CLANG_WARN_UNREACHABLE_CODE = YES;
				CLANG_WARN__DUPLICATE_METHOD_MATCH = YES;
				"CODE_SIGN_IDENTITY[sdk=iphoneos*]" = "iPhone Developer";
				COPY_PHASE_STRIP = NO;
				DEBUG_INFORMATION_FORMAT = dwarf;
				ENABLE_STRICT_OBJC_MSGSEND = YES;
				ENABLE_TESTABILITY = YES;
				GCC_C_LANGUAGE_STANDARD = gnu99;
				GCC_DYNAMIC_NO_PIC = NO;
				GCC_NO_COMMON_BLOCKS = YES;
				GCC_OPTIMIZATION_LEVEL = 0;
				GCC_PREPROCESSOR_DEFINITIONS = (
					"DEBUG=1",
					"$(inherited)",
				);
				GCC_WARN_64_TO_32_BIT_CONVERSION = YES;
				GCC_WARN_ABOUT_RETURN_TYPE = YES_ERROR;
				GCC_WARN_UNDECLARED_SELECTOR = YES;
				GCC_WARN_UNINITIALIZED_AUTOS = YES_AGGRESSIVE;
				GCC_WARN_UNUSED_FUNCTION = YES;
				GCC_WARN_UNUSED_VARIABLE = YES;
				IPHONEOS_DEPLOYMENT_TARGET = 9.1;
				MTL_ENABLE_DEBUG_INFO = YES;
				ONLY_ACTIVE_ARCH = YES;
				SDKROOT = iphoneos;
				SWIFT_OPTIMIZATION_LEVEL = "-Onone";
			};
			name = Debug;
		};
		079971AB1C8CDC1F00B843AA /* Release */ = {
			isa = XCBuildConfiguration;
			buildSettings = {
				ALWAYS_SEARCH_USER_PATHS = NO;
				CLANG_CXX_LANGUAGE_STANDARD = "gnu++0x";
				CLANG_CXX_LIBRARY = "libc++";
				CLANG_ENABLE_MODULES = YES;
				CLANG_ENABLE_OBJC_ARC = YES;
				CLANG_WARN_BOOL_CONVERSION = YES;
				CLANG_WARN_CONSTANT_CONVERSION = YES;
				CLANG_WARN_DIRECT_OBJC_ISA_USAGE = YES_ERROR;
				CLANG_WARN_EMPTY_BODY = YES;
				CLANG_WARN_ENUM_CONVERSION = YES;
				CLANG_WARN_INT_CONVERSION = YES;
				CLANG_WARN_OBJC_ROOT_CLASS = YES_ERROR;
				CLANG_WARN_UNREACHABLE_CODE = YES;
				CLANG_WARN__DUPLICATE_METHOD_MATCH = YES;
				"CODE_SIGN_IDENTITY[sdk=iphoneos*]" = "iPhone Developer";
				COPY_PHASE_STRIP = NO;
				DEBUG_INFORMATION_FORMAT = "dwarf-with-dsym";
				ENABLE_NS_ASSERTIONS = NO;
				ENABLE_STRICT_OBJC_MSGSEND = YES;
				GCC_C_LANGUAGE_STANDARD = gnu99;
				GCC_NO_COMMON_BLOCKS = YES;
				GCC_WARN_64_TO_32_BIT_CONVERSION = YES;
				GCC_WARN_ABOUT_RETURN_TYPE = YES_ERROR;
				GCC_WARN_UNDECLARED_SELECTOR = YES;
				GCC_WARN_UNINITIALIZED_AUTOS = YES_AGGRESSIVE;
				GCC_WARN_UNUSED_FUNCTION = YES;
				GCC_WARN_UNUSED_VARIABLE = YES;
				IPHONEOS_DEPLOYMENT_TARGET = 9.1;
				MTL_ENABLE_DEBUG_INFO = NO;
				SDKROOT = iphoneos;
				VALIDATE_PRODUCT = YES;
			};
			name = Release;
		};
		079971AD1C8CDC1F00B843AA /* Debug */ = {
			isa = XCBuildConfiguration;
			buildSettings = {
				ASSETCATALOG_COMPILER_APPICON_NAME = AppIcon;
				INFOPLIST_FILE = myInstagram/Info.plist;
				LD_RUNPATH_SEARCH_PATHS = "$(inherited) @executable_path/Frameworks";
				PRODUCT_BUNDLE_IDENTIFIER = erica.com.myInstagram;
				PRODUCT_NAME = "$(TARGET_NAME)";
			};
			name = Debug;
		};
		079971AE1C8CDC1F00B843AA /* Release */ = {
			isa = XCBuildConfiguration;
			buildSettings = {
				ASSETCATALOG_COMPILER_APPICON_NAME = AppIcon;
				INFOPLIST_FILE = myInstagram/Info.plist;
				LD_RUNPATH_SEARCH_PATHS = "$(inherited) @executable_path/Frameworks";
				PRODUCT_BUNDLE_IDENTIFIER = erica.com.myInstagram;
				PRODUCT_NAME = "$(TARGET_NAME)";
			};
			name = Release;
		};
/* End XCBuildConfiguration section */

/* Begin XCConfigurationList section */
		079971951C8CDC1F00B843AA /* Build configuration list for PBXProject "myInstagram" */ = {
			isa = XCConfigurationList;
			buildConfigurations = (
				079971AA1C8CDC1F00B843AA /* Debug */,
				079971AB1C8CDC1F00B843AA /* Release */,
			);
			defaultConfigurationIsVisible = 0;
			defaultConfigurationName = Release;
		};
		079971AC1C8CDC1F00B843AA /* Build configuration list for PBXNativeTarget "myInstagram" */ = {
			isa = XCConfigurationList;
			buildConfigurations = (
				079971AD1C8CDC1F00B843AA /* Debug */,
				079971AE1C8CDC1F00B843AA /* Release */,
			);
			defaultConfigurationIsVisible = 0;
		};
/* End XCConfigurationList section */
	};
	rootObject = 079971921C8CDC1F00B843AA /* Project object */;
}
