// !$*UTF8*$!
{
	archiveVersion = 1;
	classes = {
	};
	objectVersion = 46;
	objects = {

/* Begin PBXBuildFile section */
		0799719E1C8CDC1F00B843AA /* AppDelegate.swift in Sources */ = {isa = PBXBuildFile; fileRef = 0799719D1C8CDC1F00B843AA /* AppDelegate.swift */; };
		079971A01C8CDC1F00B843AA /* ViewController.swift in Sources */ = {isa = PBXBuildFile; fileRef = 0799719F1C8CDC1F00B843AA /* ViewController.swift */; };
		079971A31C8CDC1F00B843AA /* Main.storyboard in Resources */ = {isa = PBXBuildFile; fileRef = 079971A11C8CDC1F00B843AA /* Main.storyboard */; };
		079971A51C8CDC1F00B843AA /* Assets.xcassets in Resources */ = {isa = PBXBuildFile; fileRef = 079971A41C8CDC1F00B843AA /* Assets.xcassets */; };
		079971A81C8CDC1F00B843AA /* LaunchScreen.storyboard in Resources */ = {isa = PBXBuildFile; fileRef = 079971A61C8CDC1F00B843AA /* LaunchScreen.storyboard */; };
		079971B01C8CE21D00B843AA /* LogInViewController.swift in Sources */ = {isa = PBXBuildFile; fileRef = 079971AF1C8CE21D00B843AA /* LogInViewController.swift */; };
		079971B21C8CE7B300B843AA /* userViewController.swift in Sources */ = {isa = PBXBuildFile; fileRef = 079971B11C8CE7B300B843AA /* userViewController.swift */; };
		07E333E01C8D4EA500D36403 /* Post.swift in Sources */ = {isa = PBXBuildFile; fileRef = 07E333DF1C8D4EA500D36403 /* Post.swift */; };
		07E333E21C8D4F5E00D36403 /* takePhotoController.swift in Sources */ = {isa = PBXBuildFile; fileRef = 07E333E11C8D4F5E00D36403 /* takePhotoController.swift */; };
		07E333E41C8D4FE000D36403 /* photoCell.swift in Sources */ = {isa = PBXBuildFile; fileRef = 07E333E31C8D4FE000D36403 /* photoCell.swift */; };
		07E333E61C8D513E00D36403 /* photoDetailViewController.swift in Sources */ = {isa = PBXBuildFile; fileRef = 07E333E51C8D513E00D36403 /* photoDetailViewController.swift */; };
		D115FF66F4FBF30091974479 /* Pods_myInstagram.framework in Frameworks */ = {isa = PBXBuildFile; fileRef = 7FF307A75F32E282947F2213 /* Pods_myInstagram.framework */; };
/* End PBXBuildFile section */

/* Begin PBXFileReference section */
		0799719A1C8CDC1F00B843AA /* myInstagram.app */ = {isa = PBXFileReference; explicitFileType = wrapper.application; includeInIndex = 0; path = myInstagram.app; sourceTree = BUILT_PRODUCTS_DIR; };
		0799719D1C8CDC1F00B843AA /* AppDelegate.swift */ = {isa = PBXFileReference; lastKnownFileType = sourcecode.swift; path = AppDelegate.swift; sourceTree = "<group>"; };
		0799719F1C8CDC1F00B843AA /* ViewController.swift */ = {isa = PBXFileReference; lastKnownFileType = sourcecode.swift; path = ViewController.swift; sourceTree = "<group>"; };
		079971A21C8CDC1F00B843AA /* Base */ = {isa = PBXFileReference; lastKnownFileType = file.storyboard; name = Base; path = Base.lproj/Main.storyboard; sourceTree = "<group>"; };
		079971A41C8CDC1F00B843AA /* Assets.xcassets */ = {isa = PBXFileReference; lastKnownFileType = folder.assetcatalog; path = Assets.xcassets; sourceTree = "<group>"; };
		079971A71C8CDC1F00B843AA /* Base */ = {isa = PBXFileReference; lastKnownFileType = file.storyboard; name = Base; path = Base.lproj/LaunchScreen.storyboard; sourceTree = "<group>"; };
		079971A91C8CDC1F00B843AA /* Info.plist */ = {isa = PBXFileReference; lastKnownFileType = text.plist.xml; path = Info.plist; sourceTree = "<group>"; };
		079971AF1C8CE21D00B843AA /* LogInViewController.swift */ = {isa = PBXFileReference; fileEncoding = 4; lastKnownFileType = sourcecode.swift; path = LogInViewController.swift; sourceTree = "<group>"; };
		079971B11C8CE7B300B843AA /* userViewController.swift */ = {isa = PBXFileReference; fileEncoding = 4; lastKnownFileType = sourcecode.swift; path = userViewController.swift; sourceTree = "<group>"; };
		07E333DF1C8D4EA500D36403 /* Post.swift */ = {isa = PBXFileReference; fileEncoding = 4; lastKnownFileType = sourcecode.swift; path = Post.swift; sourceTree = "<group>"; };
		07E333E11C8D4F5E00D36403 /* takePhotoController.swift */ = {isa = PBXFileReference; fileEncoding = 4; lastKnownFileType = sourcecode.swift; path = takePhotoController.swift; sourceTree = "<group>"; };
		07E333E31C8D4FE000D36403 /* photoCell.swift */ = {isa = PBXFileReference; fileEncoding = 4; lastKnownFileType = sourcecode.swift; path = photoCell.swift; sourceTree = "<group>"; };
		07E333E51C8D513E00D36403 /* photoDetailViewController.swift */ = {isa = PBXFileReference; fileEncoding = 4; lastKnownFileType = sourcecode.swift; path = photoDetailViewController.swift; sourceTree = "<group>"; };
		65B5FF2F7C752DE42A9AEF10 /* Pods-myInstagram.release.xcconfig */ = {isa = PBXFileReference; includeInIndex = 1; lastKnownFileType = text.xcconfig; name = "Pods-myInstagram.release.xcconfig"; path = "Pods/Target Support Files/Pods-myInstagram/Pods-myInstagram.release.xcconfig"; sourceTree = "<group>"; };
		7FF307A75F32E282947F2213 /* Pods_myInstagram.framework */ = {isa = PBXFileReference; explicitFileType = wrapper.framework; includeInIndex = 0; path = Pods_myInstagram.framework; sourceTree = BUILT_PRODUCTS_DIR; };
		EA213F541654BD95B44E2D0C /* Pods-myInstagram.debug.xcconfig */ = {isa = PBXFileReference; includeInIndex = 1; lastKnownFileType = text.xcconfig; name = "Pods-myInstagram.debug.xcconfig"; path = "Pods/Target Support Files/Pods-myInstagram/Pods-myInstagram.debug.xcconfig"; sourceTree = "<group>"; };
/* End PBXFileReference section */

/* Begin PBXFrameworksBuildPhase section */
		079971971C8CDC1F00B843AA /* Frameworks */ = {
			isa = PBXFrameworksBuildPhase;
			buildActionMask = 2147483647;
			files = (
				D115FF66F4FBF30091974479 /* Pods_myInstagram.framework in Frameworks */,
			);
			runOnlyForDeploymentPostprocessing = 0;
		};
/* End PBXFrameworksBuildPhase section */

/* Begin PBXGroup section */
		079971911C8CDC1F00B843AA = {
			isa = PBXGroup;
			children = (
				0799719C1C8CDC1F00B843AA /* myInstagram */,
				0799719B1C8CDC1F00B843AA /* Products */,
				18EE20621826BCAF2AECFE51 /* Pods */,
				2CCA0346F3957171388BCF78 /* Frameworks */,
			);
			sourceTree = "<group>";
		};
		0799719B1C8CDC1F00B843AA /* Products */ = {
			isa = PBXGroup;
			children = (
				0799719A1C8CDC1F00B843AA /* myInstagram.app */,
			);
			name = Products;
			sourceTree = "<group>";
		};
		0799719C1C8CDC1F00B843AA /* myInstagram */ = {
			isa = PBXGroup;
			children = (
				0799719D1C8CDC1F00B843AA /* AppDelegate.swift */,
				0799719F1C8CDC1F00B843AA /* ViewController.swift */,
				079971A11C8CDC1F00B843AA /* Main.storyboard */,
				079971A41C8CDC1F00B843AA /* Assets.xcassets */,
				079971A61C8CDC1F00B843AA /* LaunchScreen.storyboard */,
				079971A91C8CDC1F00B843AA /* Info.plist */,
				079971AF1C8CE21D00B843AA /* LogInViewController.swift */,
				079971B11C8CE7B300B843AA /* userViewController.swift */,
				07E333DF1C8D4EA500D36403 /* Post.swift */,
				07E333E11C8D4F5E00D36403 /* takePhotoController.swift */,
				07E333E31C8D4FE000D36403 /* photoCell.swift */,
				07E333E51C8D513E00D36403 /* photoDetailViewController.swift */,
			);
			path = myInstagram;
			sourceTree = "<group>";
		};
		18EE20621826BCAF2AECFE51 /* Pods */ = {
			isa = PBXGroup;
			children = (
				EA213F541654BD95B44E2D0C /* Pods-myInstagram.debug.xcconfig */,
				65B5FF2F7C752DE42A9AEF10 /* Pods-myInstagram.release.xcconfig */,
			);
			name = Pods;
			sourceTree = "<group>";
		};
		2CCA0346F3957171388BCF78 /* Frameworks */ = {
			isa = PBXGroup;
			children = (
				7FF307A75F32E282947F2213 /* Pods_myInstagram.framework */,
			);
			name = Frameworks;
			sourceTree = "<group>";
		};
/* End PBXGroup section */

/* Begin PBXNativeTarget section */
		079971991C8CDC1F00B843AA /* myInstagram */ = {
			isa = PBXNativeTarget;
			buildConfigurationList = 079971AC1C8CDC1F00B843AA /* Build configuration list for PBXNativeTarget "myInstagram" */;
			buildPhases = (
				F42BB54E09C18EA80508739F /* Check Pods Manifest.lock */,
				079971961C8CDC1F00B843AA /* Sources */,
				079971971C8CDC1F00B843AA /* Frameworks */,
				079971981C8CDC1F00B843AA /* Resources */,
				57C285A384FE84B1EF8E47C2 /* Embed Pods Frameworks */,
				6D9B77CA7D1ED4E91FCEEA7E /* Copy Pods Resources */,
			);
			buildRules = (
			);
			dependencies = (
			);
			name = myInstagram;
			productName = myInstagram;
			productReference = 0799719A1C8CDC1F00B843AA /* myInstagram.app */;
			productType = "com.apple.product-type.application";
		};
/* End PBXNativeTarget section */

/* Begin PBXProject section */
		079971921C8CDC1F00B843AA /* Project object */ = {
			isa = PBXProject;
			attributes = {
				LastSwiftUpdateCheck = 0710;
				LastUpgradeCheck = 0710;
				ORGANIZATIONNAME = "Erica Lee";
				TargetAttributes = {
					079971991C8CDC1F00B843AA = {
						CreatedOnToolsVersion = 7.1.1;
					};
				};
			};
			buildConfigurationList = 079971951C8CDC1F00B843AA /* Build configuration list for PBXProject "myInstagram" */;
			compatibilityVersion = "Xcode 3.2";
			developmentRegion = English;
			hasScannedForEncodings = 0;
			knownRegions = (
				en,
				Base,
			);
			mainGroup = 079971911C8CDC1F00B843AA;
			productRefGroup = 0799719B1C8CDC1F00B843AA /* Products */;
			projectDirPath = "";
			projectRoot = "";
			targets = (
				079971991C8CDC1F00B843AA /* myInstagram */,
			);
		};
/* End PBXProject section */

/* Begin PBXResourcesBuildPhase section */
		079971981C8CDC1F00B843AA /* Resources */ = {
			isa = PBXResourcesBuildPhase;
			buildActionMask = 2147483647;
			files = (
				079971A81C8CDC1F00B843AA /* LaunchScreen.storyboard in Resources */,
				079971A51C8CDC1F00B843AA /* Assets.xcassets in Resources */,
				079971A31C8CDC1F00B843AA /* Main.storyboard in Resources */,
			);
			runOnlyForDeploymentPostprocessing = 0;
		};
/* End PBXResourcesBuildPhase section */

/* Begin PBXShellScriptBuildPhase section */
		57C285A384FE84B1EF8E47C2 /* Embed Pods Frameworks */ = {
			isa = PBXShellScriptBuildPhase;
			buildActionMask = 2147483647;
			files = (
			);
			inputPaths = (
			);
			name = "Embed Pods Frameworks";
			outputPaths = (
			);
			runOnlyForDeploymentPostprocessing = 0;
			shellPath = /bin/sh;
			shellScript = "\"${SRCROOT}/Pods/Target Support Files/Pods-myInstagram/Pods-myInstagram-frameworks.sh\"\n";
			showEnvVarsInLog = 0;
		};
		6D9B77CA7D1ED4E91FCEEA7E /* Copy Pods Resources */ = {
			isa = PBXShellScriptBuildPhase;
			buildActionMask = 2147483647;
			files = (
			);
			inputPaths = (
			);
			name = "Copy Pods Resources";
			outputPaths = (
			);
			runOnlyForDeploymentPostprocessing = 0;
			shellPath = /bin/sh;
			shellScript = "\"${SRCROOT}/Pods/Target Support Files/Pods-myInstagram/Pods-myInstagram-resources.sh\"\n";
			showEnvVarsInLog = 0;
		};
		F42BB54E09C18EA80508739F /* Check Pods Manifest.lock */ = {
			isa = PBXShellScriptBuildPhase;
			buildActionMask = 2147483647;
			files = (
			);
			inputPaths = (
			);
			name = "Check Pods Manifest.lock";
			outputPaths = (
			);
			runOnlyForDeploymentPostprocessing = 0;
			shellPath = /bin/sh;
			shellScript = "diff \"${PODS_ROOT}/../Podfile.lock\" \"${PODS_ROOT}/Manifest.lock\" > /dev/null\nif [[ $? != 0 ]] ; then\n    cat << EOM\nerror: The sandbox is not in sync with the Podfile.lock. Run 'pod install' or update your CocoaPods installation.\nEOM\n    exit 1\nfi\n";
			showEnvVarsInLog = 0;
		};
/* End PBXShellScriptBuildPhase section */

/* Begin PBXSourcesBuildPhase section */
		079971961C8CDC1F00B843AA /* Sources */ = {
			isa = PBXSourcesBuildPhase;
			buildActionMask = 2147483647;
			files = (
				079971A01C8CDC1F00B843AA /* ViewController.swift in Sources */,
				07E333E41C8D4FE000D36403 /* photoCell.swift in Sources */,
				079971B21C8CE7B300B843AA /* userViewController.swift in Sources */,
				0799719E1C8CDC1F00B843AA /* AppDelegate.swift in Sources */,
				07E333E21C8D4F5E00D36403 /* takePhotoController.swift in Sources */,
				079971B01C8CE21D00B843AA /* LogInViewController.swift in Sources */,
				07E333E61C8D513E00D36403 /* photoDetailViewController.swift in Sources */,
				07E333E01C8D4EA500D36403 /* Post.swift in Sources */,
			);
			runOnlyForDeploymentPostprocessing = 0;
		};
/* End PBXSourcesBuildPhase section */

/* Begin PBXVariantGroup section */
		079971A11C8CDC1F00B843AA /* Main.storyboard */ = {
			isa = PBXVariantGroup;
			children = (
				079971A21C8CDC1F00B843AA /* Base */,
			);
			name = Main.storyboard;
			sourceTree = "<group>";
		};
		079971A61C8CDC1F00B843AA /* LaunchScreen.storyboard */ = {
			isa = PBXVariantGroup;
			children = (
				079971A71C8CDC1F00B843AA /* Base */,
			);
			name = LaunchScreen.storyboard;
			sourceTree = "<group>";
		};
/* End PBXVariantGroup section */

/* Begin XCBuildConfiguration section */
		079971AA1C8CDC1F00B843AA /* Debug */ = {
			isa = XCBuildConfiguration;
			buildSettings = {
				ALWAYS_SEARCH_USER_PATHS = NO;
				CLANG_CXX_LANGUAGE_STANDARD = "gnu++0x";
				CLANG_CXX_LIBRARY = "libc++";
				CLANG_ENABLE_MODULES = YES;
				CLANG_ENABLE_OBJC_ARC = YES;
				CLANG_WARN_BOOL_CONVERSION = YES;
				CLANG_WARN_CONSTANT_CONVERSION = YES;
				CLANG_WARN_DIRECT_OBJC_ISA_USAGE = YES_ERROR;
				CLANG_WARN_EMPTY_BODY = YES;
				CLANG_WARN_ENUM_CONVERSION = YES;
				CLANG_WARN_INT_CONVERSION = YES;
				CLANG_WARN_OBJC_ROOT_CLASS = YES_ERROR;
				CLANG_WARN_UNREACHABLE_CODE = YES;
				CLANG_WARN__DUPLICATE_METHOD_MATCH = YES;
				"CODE_SIGN_IDENTITY[sdk=iphoneos*]" = "iPhone Developer";
				COPY_PHASE_STRIP = NO;
				DEBUG_INFORMATION_FORMAT = dwarf;
				ENABLE_STRICT_OBJC_MSGSEND = YES;
				ENABLE_TESTABILITY = YES;
				GCC_C_LANGUAGE_STANDARD = gnu99;
				GCC_DYNAMIC_NO_PIC = NO;
				GCC_NO_COMMON_BLOCKS = YES;
				GCC_OPTIMIZATION_LEVEL = 0;
				GCC_PREPROCESSOR_DEFINITIONS = (
					"DEBUG=1",
					"$(inherited)",
				);
				GCC_WARN_64_TO_32_BIT_CONVERSION = YES;
				GCC_WARN_ABOUT_RETURN_TYPE = YES_ERROR;
				GCC_WARN_UNDECLARED_SELECTOR = YES;
				GCC_WARN_UNINITIALIZED_AUTOS = YES_AGGRESSIVE;
				GCC_WARN_UNUSED_FUNCTION = YES;
				GCC_WARN_UNUSED_VARIABLE = YES;
				IPHONEOS_DEPLOYMENT_TARGET = 9.1;
				MTL_ENABLE_DEBUG_INFO = YES;
				ONLY_ACTIVE_ARCH = YES;
				SDKROOT = iphoneos;
				SWIFT_OPTIMIZATION_LEVEL = "-Onone";
			};
			name = Debug;
		};
		079971AB1C8CDC1F00B843AA /* Release */ = {
			isa = XCBuildConfiguration;
			buildSettings = {
				ALWAYS_SEARCH_USER_PATHS = NO;
				CLANG_CXX_LANGUAGE_STANDARD = "gnu++0x";
				CLANG_CXX_LIBRARY = "libc++";
				CLANG_ENABLE_MODULES = YES;
				CLANG_ENABLE_OBJC_ARC = YES;
				CLANG_WARN_BOOL_CONVERSION = YES;
				CLANG_WARN_CONSTANT_CONVERSION = YES;
				CLANG_WARN_DIRECT_OBJC_ISA_USAGE = YES_ERROR;
				CLANG_WARN_EMPTY_BODY = YES;
				CLANG_WARN_ENUM_CONVERSION = YES;
				CLANG_WARN_INT_CONVERSION = YES;
				CLANG_WARN_OBJC_ROOT_CLASS = YES_ERROR;
				CLANG_WARN_UNREACHABLE_CODE = YES;
				CLANG_WARN__DUPLICATE_METHOD_MATCH = YES;
				"CODE_SIGN_IDENTITY[sdk=iphoneos*]" = "iPhone Developer";
				COPY_PHASE_STRIP = NO;
				DEBUG_INFORMATION_FORMAT = "dwarf-with-dsym";
				ENABLE_NS_ASSERTIONS = NO;
				ENABLE_STRICT_OBJC_MSGSEND = YES;
				GCC_C_LANGUAGE_STANDARD = gnu99;
				GCC_NO_COMMON_BLOCKS = YES;
				GCC_WARN_64_TO_32_BIT_CONVERSION = YES;
				GCC_WARN_ABOUT_RETURN_TYPE = YES_ERROR;
				GCC_WARN_UNDECLARED_SELECTOR = YES;
				GCC_WARN_UNINITIALIZED_AUTOS = YES_AGGRESSIVE;
				GCC_WARN_UNUSED_FUNCTION = YES;
				GCC_WARN_UNUSED_VARIABLE = YES;
				IPHONEOS_DEPLOYMENT_TARGET = 9.1;
				MTL_ENABLE_DEBUG_INFO = NO;
				SDKROOT = iphoneos;
				VALIDATE_PRODUCT = YES;
			};
			name = Release;
		};
		079971AD1C8CDC1F00B843AA /* Debug */ = {
			isa = XCBuildConfiguration;
			baseConfigurationReference = EA213F541654BD95B44E2D0C /* Pods-myInstagram.debug.xcconfig */;
			buildSettings = {
				ASSETCATALOG_COMPILER_APPICON_NAME = AppIcon;
				INFOPLIST_FILE = myInstagram/Info.plist;
				LD_RUNPATH_SEARCH_PATHS = "$(inherited) @executable_path/Frameworks";
				PRODUCT_BUNDLE_IDENTIFIER = erica.com.myInstagram;
				PRODUCT_NAME = "$(TARGET_NAME)";
			};
			name = Debug;
		};
		079971AE1C8CDC1F00B843AA /* Release */ = {
			isa = XCBuildConfiguration;
			baseConfigurationReference = 65B5FF2F7C752DE42A9AEF10 /* Pods-myInstagram.release.xcconfig */;
			buildSettings = {
				ASSETCATALOG_COMPILER_APPICON_NAME = AppIcon;
				INFOPLIST_FILE = myInstagram/Info.plist;
				LD_RUNPATH_SEARCH_PATHS = "$(inherited) @executable_path/Frameworks";
				PRODUCT_BUNDLE_IDENTIFIER = erica.com.myInstagram;
				PRODUCT_NAME = "$(TARGET_NAME)";
			};
			name = Release;
		};
/* End XCBuildConfiguration section */

/* Begin XCConfigurationList section */
		079971951C8CDC1F00B843AA /* Build configuration list for PBXProject "myInstagram" */ = {
			isa = XCConfigurationList;
			buildConfigurations = (
				079971AA1C8CDC1F00B843AA /* Debug */,
				079971AB1C8CDC1F00B843AA /* Release */,
			);
			defaultConfigurationIsVisible = 0;
			defaultConfigurationName = Release;
		};
		079971AC1C8CDC1F00B843AA /* Build configuration list for PBXNativeTarget "myInstagram" */ = {
			isa = XCConfigurationList;
			buildConfigurations = (
				079971AD1C8CDC1F00B843AA /* Debug */,
				079971AE1C8CDC1F00B843AA /* Release */,
			);
			defaultConfigurationIsVisible = 0;
			defaultConfigurationName = Release;
		};
/* End XCConfigurationList section */
	};
	rootObject = 079971921C8CDC1F00B843AA /* Project object */;
}
